
Microsoft Visual Studio Solution File, Format Version 12.00
# Visual Studio Version 16
VisualStudioVersion = 16.0.31025.194
MinimumVisualStudioVersion = 10.0.40219.1
Project("{FAE04EC0-301F-11D3-BF4B-00C04F79EFBC}") = "SimpleWPFApp", "SimpleWPFApp\SimpleWPFApp.csproj", "{8DBF53E9-A285-493A-82EF-34966B4CB538}"
EndProject
Project("{FAE04EC0-301F-11D3-BF4B-00C04F79EFBC}") = "CodedUITestProject1", "CodedUITestProject1\CodedUITestProject1.csproj", "{DDB3DE5D-F228-44F8-80D1-C988C118D71C}"
EndProject
Project("{FAE04EC0-301F-11D3-BF4B-00C04F79EFBC}") = "CodedUITestProject2", "CodedUITestProject2\CodedUITestProject2.csproj", "{07C72CD4-F199-453A-A566-904358058D1A}"
EndProject
Global
	GlobalSection(SolutionConfigurationPlatforms) = preSolution
		Debug|Any CPU = Debug|Any CPU
		Release|Any CPU = Release|Any CPU
	EndGlobalSection
	GlobalSection(ProjectConfigurationPlatforms) = postSolution
		{8DBF53E9-A285-493A-82EF-34966B4CB538}.Debug|Any CPU.ActiveCfg = Debug|Any CPU
		{8DBF53E9-A285-493A-82EF-34966B4CB538}.Debug|Any CPU.Build.0 = Debug|Any CPU
		{8DBF53E9-A285-493A-82EF-34966B4CB538}.Release|Any CPU.ActiveCfg = Release|Any CPU
		{8DBF53E9-A285-493A-82EF-34966B4CB538}.Release|Any CPU.Build.0 = Release|Any CPU
		{DDB3DE5D-F228-44F8-80D1-C988C118D71C}.Debug|Any CPU.ActiveCfg = Debug|Any CPU
		{DDB3DE5D-F228-44F8-80D1-C988C118D71C}.Debug|Any CPU.Build.0 = Debug|Any CPU
		{DDB3DE5D-F228-44F8-80D1-C988C118D71C}.Release|Any CPU.ActiveCfg = Release|Any CPU
		{DDB3DE5D-F228-44F8-80D1-C988C118D71C}.Release|Any CPU.Build.0 = Release|Any CPU
		{07C72CD4-F199-453A-A566-904358058D1A}.Debug|Any CPU.ActiveCfg = Debug|Any CPU
		{07C72CD4-F199-453A-A566-904358058D1A}.Debug|Any CPU.Build.0 = Debug|Any CPU
		{07C72CD4-F199-453A-A566-904358058D1A}.Release|Any CPU.ActiveCfg = Release|Any CPU
		{07C72CD4-F199-453A-A566-904358058D1A}.Release|Any CPU.Build.0 = Release|Any CPU
	EndGlobalSection
	GlobalSection(SolutionProperties) = preSolution
		HideSolutionNode = FALSE
	EndGlobalSection
	GlobalSection(ExtensibilityGlobals) = postSolution
		SolutionGuid = {FF25E641-6DE7-4BED-A594-71AED33B4E14}
	EndGlobalSection
EndGlobal
